
Microsoft Visual Studio Solution File, Format Version 12.00
# Visual Studio Version 17
VisualStudioVersion = 17.8.34227.203
MinimumVisualStudioVersion = 10.0.40219.1
Project("{9A19103F-16F7-4668-BE54-9A1E7A4F7556}") = "BulkyWeb", "BulkyWeb\BulkyWeb.csproj", "{08646C93-6CD1-4C35-87DC-3FF375CB8135}"
EndProject
Project("{9A19103F-16F7-4668-BE54-9A1E7A4F7556}") = "BulkyWebRazor_Temp", "BulkyWebRazor_Temp\BulkyWebRazor_Temp.csproj", "{F8D3B880-7474-4B46-A90F-0DF5B9B91121}"
EndProject
Global
	GlobalSection(SolutionConfigurationPlatforms) = preSolution
		Debug|Any CPU = Debug|Any CPU
		Release|Any CPU = Release|Any CPU
	EndGlobalSection
	GlobalSection(ProjectConfigurationPlatforms) = postSolution
		{08646C93-6CD1-4C35-87DC-3FF375CB8135}.Debug|Any CPU.ActiveCfg = Debug|Any CPU
		{08646C93-6CD1-4C35-87DC-3FF375CB8135}.Debug|Any CPU.Build.0 = Debug|Any CPU
		{08646C93-6CD1-4C35-87DC-3FF375CB8135}.Release|Any CPU.ActiveCfg = Release|Any CPU
		{08646C93-6CD1-4C35-87DC-3FF375CB8135}.Release|Any CPU.Build.0 = Release|Any CPU
		{F8D3B880-7474-4B46-A90F-0DF5B9B91121}.Debug|Any CPU.ActiveCfg = Debug|Any CPU
		{F8D3B880-7474-4B46-A90F-0DF5B9B91121}.Debug|Any CPU.Build.0 = Debug|Any CPU
		{F8D3B880-7474-4B46-A90F-0DF5B9B91121}.Release|Any CPU.ActiveCfg = Release|Any CPU
		{F8D3B880-7474-4B46-A90F-0DF5B9B91121}.Release|Any CPU.Build.0 = Release|Any CPU
	EndGlobalSection
	GlobalSection(SolutionProperties) = preSolution
		HideSolutionNode = FALSE
	EndGlobalSection
	GlobalSection(ExtensibilityGlobals) = postSolution
		SolutionGuid = {6B8B7B6C-CD23-4E16-9F56-2878418751F8}
	EndGlobalSection
EndGlobal
